
Microsoft Visual Studio Solution File, Format Version 12.00
# Visual Studio Version 17
VisualStudioVersion = 17.11.35208.52
MinimumVisualStudioVersion = 10.0.40219.1
Project("{FAE04EC0-301F-11D3-BF4B-00C04F79EFBC}") = "SistemaAlarmes", "SistemaAlarmes\SistemaAlarmes.csproj", "{8039B8B5-E092-4E77-9765-B36255C12CCF}"
EndProject
Global
	GlobalSection(SolutionConfigurationPlatforms) = preSolution
		Debug|Any CPU = Debug|Any CPU
		Release|Any CPU = Release|Any CPU
	EndGlobalSection
	GlobalSection(ProjectConfigurationPlatforms) = postSolution
		{8039B8B5-E092-4E77-9765-B36255C12CCF}.Debug|Any CPU.ActiveCfg = Debug|Any CPU
		{8039B8B5-E092-4E77-9765-B36255C12CCF}.Debug|Any CPU.Build.0 = Debug|Any CPU
		{8039B8B5-E092-4E77-9765-B36255C12CCF}.Release|Any CPU.ActiveCfg = Release|Any CPU
		{8039B8B5-E092-4E77-9765-B36255C12CCF}.Release|Any CPU.Build.0 = Release|Any CPU
	EndGlobalSection
	GlobalSection(SolutionProperties) = preSolution
		HideSolutionNode = FALSE
	EndGlobalSection
	GlobalSection(ExtensibilityGlobals) = postSolution
		SolutionGuid = {EE3C0DA3-9523-415B-83E5-79C00DDB442B}
	EndGlobalSection
EndGlobal
